
Microsoft Visual Studio Solution File, Format Version 12.00
# Visual Studio Version 17
VisualStudioVersion = 17.2.32630.192
MinimumVisualStudioVersion = 10.0.40219.1
Project("{9A19103F-16F7-4668-BE54-9A1E7A4F7556}") = "MessageBrokers", "MessageBrokers\MessageBrokers.csproj", "{3935B093-1D89-4FDC-AEC8-3BF1188D7300}"
EndProject
Project("{9A19103F-16F7-4668-BE54-9A1E7A4F7556}") = "Common", "Common\Common.csproj", "{835D9CCB-E4D5-43B1-9C15-F87B445BD6D3}"
EndProject
Project("{9A19103F-16F7-4668-BE54-9A1E7A4F7556}") = "ConsoleApp", "ConsoleApp\ConsoleApp.csproj", "{D05872C1-0C57-4F09-93A4-ADC9974FCE72}"
EndProject
Global
	GlobalSection(SolutionConfigurationPlatforms) = preSolution
		Debug|Any CPU = Debug|Any CPU
		Release|Any CPU = Release|Any CPU
	EndGlobalSection
	GlobalSection(ProjectConfigurationPlatforms) = postSolution
		{3935B093-1D89-4FDC-AEC8-3BF1188D7300}.Debug|Any CPU.ActiveCfg = Debug|Any CPU
		{3935B093-1D89-4FDC-AEC8-3BF1188D7300}.Debug|Any CPU.Build.0 = Debug|Any CPU
		{3935B093-1D89-4FDC-AEC8-3BF1188D7300}.Release|Any CPU.ActiveCfg = Release|Any CPU
		{3935B093-1D89-4FDC-AEC8-3BF1188D7300}.Release|Any CPU.Build.0 = Release|Any CPU
		{835D9CCB-E4D5-43B1-9C15-F87B445BD6D3}.Debug|Any CPU.ActiveCfg = Debug|Any CPU
		{835D9CCB-E4D5-43B1-9C15-F87B445BD6D3}.Debug|Any CPU.Build.0 = Debug|Any CPU
		{835D9CCB-E4D5-43B1-9C15-F87B445BD6D3}.Release|Any CPU.ActiveCfg = Release|Any CPU
		{835D9CCB-E4D5-43B1-9C15-F87B445BD6D3}.Release|Any CPU.Build.0 = Release|Any CPU
		{D05872C1-0C57-4F09-93A4-ADC9974FCE72}.Debug|Any CPU.ActiveCfg = Debug|Any CPU
		{D05872C1-0C57-4F09-93A4-ADC9974FCE72}.Debug|Any CPU.Build.0 = Debug|Any CPU
		{D05872C1-0C57-4F09-93A4-ADC9974FCE72}.Release|Any CPU.ActiveCfg = Release|Any CPU
		{D05872C1-0C57-4F09-93A4-ADC9974FCE72}.Release|Any CPU.Build.0 = Release|Any CPU
	EndGlobalSection
	GlobalSection(SolutionProperties) = preSolution
		HideSolutionNode = FALSE
	EndGlobalSection
	GlobalSection(ExtensibilityGlobals) = postSolution
		SolutionGuid = {1583B46C-5E52-4B64-82F6-8DAFC2B50D8F}
	EndGlobalSection
EndGlobal
